
Microsoft Visual Studio Solution File, Format Version 12.00
# Visual Studio Version 17
VisualStudioVersion = 17.8.34525.116
MinimumVisualStudioVersion = 10.0.40219.1
Project("{FAE04EC0-301F-11D3-BF4B-00C04F79EFBC}") = "PartnerWeb", "PartnerWeb\PartnerWeb.csproj", "{2FA3DE5D-9D07-4145-9548-C1F79146CB8C}"
EndProject
Project("{FAE04EC0-301F-11D3-BF4B-00C04F79EFBC}") = "Insurance.UnitTests", "Insurance.UnitTests\Insurance.UnitTests.csproj", "{7AFD21AF-6FA2-47FA-90F8-4D27FC34D9B8}"
EndProject
Global
	GlobalSection(SolutionConfigurationPlatforms) = preSolution
		Debug|Any CPU = Debug|Any CPU
		Release|Any CPU = Release|Any CPU
	EndGlobalSection
	GlobalSection(ProjectConfigurationPlatforms) = postSolution
		{2FA3DE5D-9D07-4145-9548-C1F79146CB8C}.Debug|Any CPU.ActiveCfg = Debug|Any CPU
		{2FA3DE5D-9D07-4145-9548-C1F79146CB8C}.Debug|Any CPU.Build.0 = Debug|Any CPU
		{2FA3DE5D-9D07-4145-9548-C1F79146CB8C}.Release|Any CPU.ActiveCfg = Release|Any CPU
		{2FA3DE5D-9D07-4145-9548-C1F79146CB8C}.Release|Any CPU.Build.0 = Release|Any CPU
		{7AFD21AF-6FA2-47FA-90F8-4D27FC34D9B8}.Debug|Any CPU.ActiveCfg = Debug|Any CPU
		{7AFD21AF-6FA2-47FA-90F8-4D27FC34D9B8}.Debug|Any CPU.Build.0 = Debug|Any CPU
		{7AFD21AF-6FA2-47FA-90F8-4D27FC34D9B8}.Release|Any CPU.ActiveCfg = Release|Any CPU
		{7AFD21AF-6FA2-47FA-90F8-4D27FC34D9B8}.Release|Any CPU.Build.0 = Release|Any CPU
	EndGlobalSection
	GlobalSection(SolutionProperties) = preSolution
		HideSolutionNode = FALSE
	EndGlobalSection
	GlobalSection(ExtensibilityGlobals) = postSolution
		SolutionGuid = {03B8131B-871D-4C5B-9419-BC7FF652F8E8}
	EndGlobalSection
EndGlobal
